
Microsoft Visual Studio Solution File, Format Version 12.00
# Visual Studio Version 17
VisualStudioVersion = 17.1.32210.238
MinimumVisualStudioVersion = 10.0.40219.1
Project("{FAE04EC0-301F-11D3-BF4B-00C04F79EFBC}") = "Calculadora", "Calculadora\Calculadora.csproj", "{146988E3-5C25-478A-A5CF-5BE8A84AEE90}"
EndProject
Global
	GlobalSection(SolutionConfigurationPlatforms) = preSolution
		Debug|Any CPU = Debug|Any CPU
		Release|Any CPU = Release|Any CPU
	EndGlobalSection
	GlobalSection(ProjectConfigurationPlatforms) = postSolution
		{146988E3-5C25-478A-A5CF-5BE8A84AEE90}.Debug|Any CPU.ActiveCfg = Debug|Any CPU
		{146988E3-5C25-478A-A5CF-5BE8A84AEE90}.Debug|Any CPU.Build.0 = Debug|Any CPU
		{146988E3-5C25-478A-A5CF-5BE8A84AEE90}.Release|Any CPU.ActiveCfg = Release|Any CPU
		{146988E3-5C25-478A-A5CF-5BE8A84AEE90}.Release|Any CPU.Build.0 = Release|Any CPU
	EndGlobalSection
	GlobalSection(SolutionProperties) = preSolution
		HideSolutionNode = FALSE
	EndGlobalSection
	GlobalSection(ExtensibilityGlobals) = postSolution
		SolutionGuid = {7EC7203F-8152-45B7-8FE7-C0EAD519EE8A}
	EndGlobalSection
EndGlobal
